
Microsoft Visual Studio Solution File, Format Version 12.00
# Visual Studio 15
VisualStudioVersion = 15.0.27428.2011
MinimumVisualStudioVersion = 10.0.40219.1
Project("{9A19103F-16F7-4668-BE54-9A1E7A4F7556}") = "Sjerrul.Bloqchain.Ledger", "Sjerrul.Bloqchain.Ledger\Sjerrul.Bloqchain.Ledger.csproj", "{1C7C77F8-42A8-4581-8999-F58AE11F6B83}"
EndProject
Project("{FAE04EC0-301F-11D3-BF4B-00C04F79EFBC}") = "Sjerrul.Bloqchain.Ledger.TEsts", "Sjerrul.Bloqchain.Ledger.TEsts\Sjerrul.Bloqchain.Ledger.TEsts.csproj", "{06ED9DA2-B40B-44CA-B0AB-7C73950B7D40}"
EndProject
Global
	GlobalSection(SolutionConfigurationPlatforms) = preSolution
		Debug|Any CPU = Debug|Any CPU
		Release|Any CPU = Release|Any CPU
	EndGlobalSection
	GlobalSection(ProjectConfigurationPlatforms) = postSolution
		{1C7C77F8-42A8-4581-8999-F58AE11F6B83}.Debug|Any CPU.ActiveCfg = Debug|Any CPU
		{1C7C77F8-42A8-4581-8999-F58AE11F6B83}.Debug|Any CPU.Build.0 = Debug|Any CPU
		{1C7C77F8-42A8-4581-8999-F58AE11F6B83}.Release|Any CPU.ActiveCfg = Release|Any CPU
		{1C7C77F8-42A8-4581-8999-F58AE11F6B83}.Release|Any CPU.Build.0 = Release|Any CPU
		{06ED9DA2-B40B-44CA-B0AB-7C73950B7D40}.Debug|Any CPU.ActiveCfg = Debug|Any CPU
		{06ED9DA2-B40B-44CA-B0AB-7C73950B7D40}.Debug|Any CPU.Build.0 = Debug|Any CPU
		{06ED9DA2-B40B-44CA-B0AB-7C73950B7D40}.Release|Any CPU.ActiveCfg = Release|Any CPU
		{06ED9DA2-B40B-44CA-B0AB-7C73950B7D40}.Release|Any CPU.Build.0 = Release|Any CPU
	EndGlobalSection
	GlobalSection(SolutionProperties) = preSolution
		HideSolutionNode = FALSE
	EndGlobalSection
	GlobalSection(ExtensibilityGlobals) = postSolution
		SolutionGuid = {6B4C7318-502A-40CC-846E-32E3F1A281D9}
	EndGlobalSection
EndGlobal
